{
  "name": "madiajijah11.github.io",
  "version": "1.0.0",
  "lockfileVersion": 2,
  "requires": true,
  "packages": {
    "": {
      "name": "madiajijah11.github.io",
      "version": "1.0.0",
      "license": "ISC",
      "dependencies": {
        "@fortawesome/fontawesome-free": "^5.15.4",
        "bulma": "^0.9.2"
      }
    },
    "node_modules/@fortawesome/fontawesome-free": {
      "version": "5.15.4",
      "resolved": "https://registry.npmjs.org/@fortawesome/fontawesome-free/-/fontawesome-free-5.15.4.tgz",
      "integrity": "sha512-eYm8vijH/hpzr/6/1CJ/V/Eb1xQFW2nnUKArb3z+yUWv7HTwj6M7SP957oMjfZjAHU6qpoNc2wQvIxBLWYa/Jg==",
      "hasInstallScript": true,
      "engines": {
        "node": ">=6"
      }
    },
    "node_modules/bulma": {
      "version": "0.9.2",
      "resolved": "https://registry.npmjs.org/bulma/-/bulma-0.9.2.tgz",
      "integrity": "sha512-e14EF+3VSZ488yL/lJH0tR8mFWiEQVCMi/BQUMi2TGMBOk+zrDg4wryuwm/+dRSHJw0gMawp2tsW7X1JYUCE3A=="
    }
  },
  "dependencies": {
    "@fortawesome/fontawesome-free": {
      "version": "5.15.4",
      "resolved": "https://registry.npmjs.org/@fortawesome/fontawesome-free/-/fontawesome-free-5.15.4.tgz",
      "integrity": "sha512-eYm8vijH/hpzr/6/1CJ/V/Eb1xQFW2nnUKArb3z+yUWv7HTwj6M7SP957oMjfZjAHU6qpoNc2wQvIxBLWYa/Jg=="
    },
    "bulma": {
      "version": "0.9.2",
      "resolved": "https://registry.npmjs.org/bulma/-/bulma-0.9.2.tgz",
      "integrity": "sha512-e14EF+3VSZ488yL/lJH0tR8mFWiEQVCMi/BQUMi2TGMBOk+zrDg4wryuwm/+dRSHJw0gMawp2tsW7X1JYUCE3A=="
    }
  }
}
